{
  "name": "elaine",
  "version": "1.0.0",
  "lockfileVersion": 1,
  "requires": true,
  "dependencies": {
    "@shigma/stringify-object": {
      "version": "3.3.0",
      "resolved": "https://registry.npmjs.org/@shigma/stringify-object/-/stringify-object-3.3.0.tgz",
      "integrity": "sha512-tO5pn6RJp8m1ldYtqY3GEQA6+Nqp1cIZVrVx7iFVPx0YfhMqfplwrvyrQPP1cCwuyRoAyDr/BxVZYt+USm8LXQ==",
      "requires": {
        "get-own-enumerable-property-symbols": "^3.0.0",
        "is-obj": "^1.0.1",
        "is-regexp": "^2.0.0"
      }
    },
    "@vuepress/plugin-back-to-top": {
      "version": "1.0.0-rc.1",
      "dev": true,
      "requires": {
        "lodash.debounce": "^4.0.8"
      }
    },
    "get-own-enumerable-property-symbols": {
      "version": "3.0.2",
      "resolved": "https://registry.npmjs.org/get-own-enumerable-property-symbols/-/get-own-enumerable-property-symbols-3.0.2.tgz",
      "integrity": "sha512-I0UBV/XOz1XkIJHEUDMZAbzCThU/H8DxmSfmdGcKPnVhu2VfFqr34jr9777IyaTYvxjedWhqVIilEDsCdP5G6g=="
    },
    "is-obj": {
      "version": "1.0.1",
      "resolved": "https://registry.npmjs.org/is-obj/-/is-obj-1.0.1.tgz",
      "integrity": "sha1-PkcprB9f3gJc19g6iW2rn09n2w8="
    },
    "is-regexp": {
      "version": "2.1.0",
      "resolved": "https://registry.npmjs.org/is-regexp/-/is-regexp-2.1.0.tgz",
      "integrity": "sha512-OZ4IlER3zmRIoB9AqNhEggVxqIH4ofDns5nRrPS6yQxXE1TPCUpFznBfRQmQa8uC+pXqjMnukiJBxCisIxiLGA=="
    },
    "lodash.debounce": {
      "version": "4.0.8",
      "resolved": "https://registry.npmjs.org/lodash.debounce/-/lodash.debounce-4.0.8.tgz",
      "integrity": "sha1-gteb/zCmfEAF/9XiUVMArZyk168=",
      "dev": true
    },
    "vuepress-plugin-copyright": {
      "version": "1.0.2",
      "resolved": "https://registry.npmjs.org/vuepress-plugin-copyright/-/vuepress-plugin-copyright-1.0.2.tgz",
      "integrity": "sha512-SWiyqqU8StPGB6WxzVTbRMUyyE0g6lJoP9SDoOua5PHUeawd8XdDBAaCCGRrmd2JDMvCDZlNYHTHgsKJncuU2g==",
      "requires": {
        "@shigma/stringify-object": "^3.3.0"
      }
    }
  }
}
