# THIS IS AN AUTOGENERATED FILE. DO NOT EDIT THIS FILE DIRECTLY.
# yarn lockfile v1


"@shigma/stringify-object@^3.3.0":
  version "3.3.0"
  resolved "https://registry.yarnpkg.com/@shigma/stringify-object/-/stringify-object-3.3.0.tgz#c6611dcdf650024a9f6397580f821accd3021be3"
  dependencies:
    get-own-enumerable-property-symbols "^3.0.0"
    is-obj "^1.0.1"
    is-regexp "^2.0.0"

"@vuepress/plugin-back-to-top@^1.0.0-rc.1":
  version "1.0.0-rc.1"
  resolved "https://registry.yarnpkg.com/@vuepress/plugin-back-to-top/-/plugin-back-to-top-1.0.0-rc.1.tgz#91fb693f3c7d7a9d8019842bb061ad756445e4ca"
  dependencies:
    lodash.debounce "^4.0.8"

get-own-enumerable-property-symbols@^3.0.0:
  version "3.0.2"
  resolved "https://registry.yarnpkg.com/get-own-enumerable-property-symbols/-/get-own-enumerable-property-symbols-3.0.2.tgz#b5fde77f22cbe35f390b4e089922c50bce6ef664"

is-obj@^1.0.1:
  version "1.0.1"
  resolved "https://registry.yarnpkg.com/is-obj/-/is-obj-1.0.1.tgz#3e4729ac1f5fde025cd7d83a896dab9f4f67db0f"

is-regexp@^2.0.0:
  version "2.1.0"
  resolved "https://registry.yarnpkg.com/is-regexp/-/is-regexp-2.1.0.tgz#cd734a56864e23b956bf4e7c66c396a4c0b22c2d"

lodash.debounce@^4.0.8:
  version "4.0.8"
  resolved "https://registry.yarnpkg.com/lodash.debounce/-/lodash.debounce-4.0.8.tgz#82d79bff30a67c4005ffd5e2515300ad9ca4d7af"

vuepress-plugin-copyright@^1.0.2:
  version "1.0.2"
  resolved "https://registry.yarnpkg.com/vuepress-plugin-copyright/-/vuepress-plugin-copyright-1.0.2.tgz#d5cc73af82028e073d4cd82e3ef99012ad8f79cc"
  dependencies:
    "@shigma/stringify-object" "^3.3.0"
